%{"amqp": {:hex, :amqp, "0.1.1"},
  "amqp_client": {:hex, :amqp_client, "3.5.0"},
  "earmark": {:git, "git://github.com/pragdave/earmark.git", "f078149976c6b408422bb0a6fe782f57b17afa3b", [tag: "v0.1.8"]},
  "ex_doc": {:git, "git://github.com/elixir-lang/ex_doc.git", "a0dba38e5b86e8113d0d14ae2d98daeb76281f5c", []},
  "exactor": {:hex, :exactor, "2.1.2"},
  "exjsx": {:hex, :exjsx, "3.2.0"},
  "exvcr": {:git, "git://github.com/parroty/exvcr.git", "6217038d78460dd5e93edebcf58a90fa4f9c951a", []},
  "fleet_api": {:hex, :fleet_api, "0.0.15"},
  "hackney": {:hex, :hackney, "1.3.1"},
  "httpoison": {:hex, :httpoison, "0.7.1"},
  "idna": {:hex, :idna, "1.0.2"},
  "jsx": {:hex, :jsx, "2.6.2"},
  "meck": {:hex, :meck, "0.8.2"},
  "openaperture_auth": {:git, "https://github.com/OpenAperture/auth.git", "dc7a0813b335d3013dff60d271ae1f51fc4b5049", [ref: "dc7a0813b335d3013dff60d271ae1f51fc4b5049"]},
  "openaperture_fleet": {:git, "https://github.com/OpenAperture/fleet.git", "0f5475c2b50a43318b6883decbaf9a472baab6c5", [ref: "0f5475c2b50a43318b6883decbaf9a472baab6c5"]},
  "openaperture_manager_api": {:git, "https://github.com/OpenAperture/manager_api.git", "ab5334f276b308706a91e85ca27ba937bb02fb9f", [ref: "ab5334f276b308706a91e85ca27ba937bb02fb9f"]},
  "openaperture_messaging": {:git, "https://github.com/OpenAperture/messaging.git", "abb5a54cabdc9c70a3d8e22558ee9c7c227c3c22", [ref: "abb5a54cabdc9c70a3d8e22558ee9c7c227c3c22"]},
  "openaperture_overseer_api": {:git, "https://github.com/OpenAperture/overseer_api.git", "25c779ea50565cdb3f783cba644294e6238ed72a", [ref: "25c779ea50565cdb3f783cba644294e6238ed72a"]},
  "poison": {:hex, :poison, "1.4.0"},
  "rabbit_common": {:hex, :rabbit_common, "3.5.0"},
  "ssl_verify_hostname": {:hex, :ssl_verify_hostname, "1.0.5"},
  "timex": {:hex, :timex, "0.12.9"},
  "uuid": {:hex, :uuid, "0.1.5"}}
