%{"amqp": {:hex, :amqp, "0.1.1"},
  "amqp_client": {:hex, :amqp_client, "3.5.0"},
  "earmark": {:git, "git://github.com/pragdave/earmark.git", "f078149976c6b408422bb0a6fe782f57b17afa3b", [tag: "v0.1.8"]},
  "ex_doc": {:git, "git://github.com/elixir-lang/ex_doc.git", "ce39e21a8b035b575cf2619a45568d308cda0865", []},
  "exactor": {:hex, :exactor, "2.1.2"},
  "exjsx": {:hex, :exjsx, "3.1.0"},
  "exvcr": {:git, "git://github.com/parroty/exvcr.git", "e23652efbaa21e863f679baf040470018a1c9d20", []},
  "fleet_api": {:hex, :fleet_api, "0.0.6"},
  "hackney": {:hex, :hackney, "1.1.0"},
  "httpoison": {:hex, :httpoison, "0.6.2"},
  "idna": {:hex, :idna, "1.0.2"},
  "json": {:hex, :json, "0.3.2"},
  "jsx": {:hex, :jsx, "2.4.0"},
  "meck": {:hex, :meck, "0.8.2"},
  "openaperture_auth": {:git, "https://github.com/OpenAperture/auth.git", "227f10bc6108176523b96f016f2fc57adb472320", [ref: "227f10bc6108176523b96f016f2fc57adb472320"]},
  "openaperture_fleet": {:git, "https://github.com/OpenAperture/fleet.git", "2e63b7889c76f4d3b749146f3ebceb01702cf012", [ref: "2e63b7889c76f4d3b749146f3ebceb01702cf012"]},
  "openaperture_manager_api": {:git, "https://github.com/OpenAperture/manager_api.git", "8e2f6bdbf9f93dcae2540b1313f9d6dfc0a254a6", [ref: "8e2f6bdbf9f93dcae2540b1313f9d6dfc0a254a6"]},
  "openaperture_messaging": {:git, "https://github.com/OpenAperture/messaging.git", "fa8eb8128176d010d29780251e4ce500068e3ec1", [ref: "fa8eb8128176d010d29780251e4ce500068e3ec1"]},
  "openaperture_overseer_api": {:git, "https://github.com/OpenAperture/overseer_api.git", "25c779ea50565cdb3f783cba644294e6238ed72a", [ref: "25c779ea50565cdb3f783cba644294e6238ed72a"]},
  "poison": {:hex, :poison, "1.3.1"},
  "rabbit_common": {:hex, :rabbit_common, "3.5.0"},
  "ssl_verify_hostname": {:hex, :ssl_verify_hostname, "1.0.5"},
  "timex": {:hex, :timex, "0.12.9"},
  "uuid": {:hex, :uuid, "0.1.5"}}
